
Microsoft Visual Studio Solution File, Format Version 12.00
# Visual Studio Version 17
VisualStudioVersion = 17.0.31903.59
MinimumVisualStudioVersion = 10.0.40219.1
Project("{2150E333-8FDC-42A3-9474-1A3956D46DE8}") = "src", "src", "{827E0CD3-B72D-47B6-A68D-7590B98EB39B}"
EndProject
Project("{2150E333-8FDC-42A3-9474-1A3956D46DE8}") = "Core", "Core", "{8D626EA8-CB54-BC41-363A-217881BEBA6E}"
EndProject
Project("{FAE04EC0-301F-11D3-BF4B-00C04F79EFBC}") = "Alphiq.Domain", "src\Core\Alphiq.Domain\Alphiq.Domain.csproj", "{F4CFB65C-BB98-4B75-A7F6-0BF5317332BF}"
EndProject
Project("{FAE04EC0-301F-11D3-BF4B-00C04F79EFBC}") = "Alphiq.Brokers.Abstractions", "src\Core\Alphiq.Brokers.Abstractions\Alphiq.Brokers.Abstractions.csproj", "{411CE3FE-A5B8-414B-ACA1-0DBDEF1E0CC5}"
EndProject
Project("{FAE04EC0-301F-11D3-BF4B-00C04F79EFBC}") = "Alphiq.Configuration.Abstractions", "src\Core\Alphiq.Configuration.Abstractions\Alphiq.Configuration.Abstractions.csproj", "{D95A6942-D19E-4B9B-9DE5-1E3F5B6B26A5}"
EndProject
Project("{FAE04EC0-301F-11D3-BF4B-00C04F79EFBC}") = "Alphiq.Contracts", "src\Core\Alphiq.Contracts\Alphiq.Contracts.csproj", "{7BFC1B52-1650-4644-B29B-73F8C36376D9}"
EndProject
Project("{FAE04EC0-301F-11D3-BF4B-00C04F79EFBC}") = "Alphiq.TradingEngine", "src\Core\Alphiq.TradingEngine\Alphiq.TradingEngine.csproj", "{5CC97DB6-BB94-4E7A-8B28-D0B23D362483}"
EndProject
Project("{FAE04EC0-301F-11D3-BF4B-00C04F79EFBC}") = "Alphiq.Optimizer", "src\Core\Alphiq.Optimizer\Alphiq.Optimizer.csproj", "{7EE649B7-2BE5-44D9-9A81-9717CA66B908}"
EndProject
Project("{2150E333-8FDC-42A3-9474-1A3956D46DE8}") = "Infrastructure", "Infrastructure", "{9048EB7F-3875-A59E-E36B-5BD4C6F2A282}"
EndProject
Project("{FAE04EC0-301F-11D3-BF4B-00C04F79EFBC}") = "Alphiq.Infrastructure.Supabase", "src\Infrastructure\Alphiq.Infrastructure.Supabase\Alphiq.Infrastructure.Supabase.csproj", "{43896CAB-5082-4D0D-8F45-79F6FB856BCC}"
EndProject
Project("{FAE04EC0-301F-11D3-BF4B-00C04F79EFBC}") = "Alphiq.Infrastructure.BrokerAuth", "src\Infrastructure\Alphiq.Infrastructure.BrokerAuth\Alphiq.Infrastructure.BrokerAuth.csproj", "{C01908C3-02C8-4262-8DCC-5BF14EB57E15}"
EndProject
Project("{FAE04EC0-301F-11D3-BF4B-00C04F79EFBC}") = "Alphiq.Infrastructure.Broker.CTrader", "src\Infrastructure\Alphiq.Infrastructure.Broker.CTrader\Alphiq.Infrastructure.Broker.CTrader.csproj", "{F890CA70-207E-4CB6-8CC9-81AA1A099FFE}"
EndProject
Project("{FAE04EC0-301F-11D3-BF4B-00C04F79EFBC}") = "Alphiq.Infrastructure.Broker.Simulated", "src\Infrastructure\Alphiq.Infrastructure.Broker.Simulated\Alphiq.Infrastructure.Broker.Simulated.csproj", "{D9E697D6-E3F1-493B-A86D-85DAC1B11D23}"
EndProject
Project("{FAE04EC0-301F-11D3-BF4B-00C04F79EFBC}") = "Alphiq.Infrastructure.Messaging", "src\Infrastructure\Alphiq.Infrastructure.Messaging\Alphiq.Infrastructure.Messaging.csproj", "{4FA78EC1-F5DD-431C-B710-6E5F68A85B14}"
EndProject
Project("{FAE04EC0-301F-11D3-BF4B-00C04F79EFBC}") = "Alphiq.Infrastructure.Caching", "src\Infrastructure\Alphiq.Infrastructure.Caching\Alphiq.Infrastructure.Caching.csproj", "{EC34188F-38C7-47F8-AC1F-933E2AC9C534}"
EndProject
Project("{FAE04EC0-301F-11D3-BF4B-00C04F79EFBC}") = "Alphiq.Infrastructure.Observability", "src\Infrastructure\Alphiq.Infrastructure.Observability\Alphiq.Infrastructure.Observability.csproj", "{176D7606-38A0-4EC8-A0A2-DCD6E975FA5F}"
EndProject
Project("{2150E333-8FDC-42A3-9474-1A3956D46DE8}") = "Services", "Services", "{984BB9B3-3FA3-BE33-9484-CAC21695A33C}"
EndProject
Project("{FAE04EC0-301F-11D3-BF4B-00C04F79EFBC}") = "Alphiq.TradeNode", "src\Services\Alphiq.TradeNode\Alphiq.TradeNode.csproj", "{DC867310-D64F-4E2A-BBFF-411A44B55292}"
EndProject
Project("{FAE04EC0-301F-11D3-BF4B-00C04F79EFBC}") = "Alphiq.Backtest.Worker", "src\Services\Alphiq.Backtest.Worker\Alphiq.Backtest.Worker.csproj", "{85A65DF6-09C7-41B8-8DD2-0A2AFECF956D}"
EndProject
Project("{FAE04EC0-301F-11D3-BF4B-00C04F79EFBC}") = "Alphiq.Optimizer.Service", "src\Services\Alphiq.Optimizer.Service\Alphiq.Optimizer.Service.csproj", "{ACD7A8B0-99C2-4070-B3A6-516AE632E3C0}"
EndProject
Project("{2150E333-8FDC-42A3-9474-1A3956D46DE8}") = "WebApi", "WebApi", "{953D89DF-FDD2-4C1A-6A43-6326114B13B5}"
EndProject
Project("{FAE04EC0-301F-11D3-BF4B-00C04F79EFBC}") = "Alphiq.Api.Gateway", "src\WebApi\Alphiq.Api.Gateway\Alphiq.Api.Gateway.csproj", "{58540CA8-3660-4A4E-9946-C6EA9C39A772}"
EndProject
Project("{2150E333-8FDC-42A3-9474-1A3956D46DE8}") = "apphost", "apphost", "{90DCE71B-4939-B80A-CE8C-85DE2210C7AC}"
EndProject
Project("{FAE04EC0-301F-11D3-BF4B-00C04F79EFBC}") = "Alphiq.ServiceDefaults", "apphost\Alphiq.ServiceDefaults\Alphiq.ServiceDefaults.csproj", "{256C34E9-B5DB-4C9F-A3AB-4F00EAF4D0C8}"
EndProject
Project("{FAE04EC0-301F-11D3-BF4B-00C04F79EFBC}") = "Alphiq.AppHost", "apphost\Alphiq.AppHost\Alphiq.AppHost.csproj", "{11A30FFF-3D81-4BBB-9254-CFACBCD06FB6}"
EndProject
Project("{2150E333-8FDC-42A3-9474-1A3956D46DE8}") = "tests", "tests", "{0AB3BF05-4346-4AA6-1389-037BE0695223}"
EndProject
Project("{FAE04EC0-301F-11D3-BF4B-00C04F79EFBC}") = "Alphiq.Domain.Tests", "tests\Alphiq.Domain.Tests\Alphiq.Domain.Tests.csproj", "{C1FA0318-BB87-40EE-96F7-469EC1050ECB}"
EndProject
Project("{FAE04EC0-301F-11D3-BF4B-00C04F79EFBC}") = "Alphiq.TradingEngine.Tests", "tests\Alphiq.TradingEngine.Tests\Alphiq.TradingEngine.Tests.csproj", "{E2CCB686-74D9-4517-A789-BF584D2CE180}"
EndProject
Project("{FAE04EC0-301F-11D3-BF4B-00C04F79EFBC}") = "Alphiq.Infrastructure.Supabase.Tests", "tests\Alphiq.Infrastructure.Supabase.Tests\Alphiq.Infrastructure.Supabase.Tests.csproj", "{8E9EB58C-7436-49A3-8910-D9248CA8E7FC}"
EndProject
Global
	GlobalSection(SolutionConfigurationPlatforms) = preSolution
		Debug|Any CPU = Debug|Any CPU
		Debug|x64 = Debug|x64
		Debug|x86 = Debug|x86
		Release|Any CPU = Release|Any CPU
		Release|x64 = Release|x64
		Release|x86 = Release|x86
	EndGlobalSection
	GlobalSection(ProjectConfigurationPlatforms) = postSolution
		{F4CFB65C-BB98-4B75-A7F6-0BF5317332BF}.Debug|Any CPU.ActiveCfg = Debug|Any CPU
		{F4CFB65C-BB98-4B75-A7F6-0BF5317332BF}.Debug|Any CPU.Build.0 = Debug|Any CPU
		{F4CFB65C-BB98-4B75-A7F6-0BF5317332BF}.Debug|x64.ActiveCfg = Debug|Any CPU
		{F4CFB65C-BB98-4B75-A7F6-0BF5317332BF}.Debug|x64.Build.0 = Debug|Any CPU
		{F4CFB65C-BB98-4B75-A7F6-0BF5317332BF}.Debug|x86.ActiveCfg = Debug|Any CPU
		{F4CFB65C-BB98-4B75-A7F6-0BF5317332BF}.Debug|x86.Build.0 = Debug|Any CPU
		{F4CFB65C-BB98-4B75-A7F6-0BF5317332BF}.Release|Any CPU.ActiveCfg = Release|Any CPU
		{F4CFB65C-BB98-4B75-A7F6-0BF5317332BF}.Release|Any CPU.Build.0 = Release|Any CPU
		{F4CFB65C-BB98-4B75-A7F6-0BF5317332BF}.Release|x64.ActiveCfg = Release|Any CPU
		{F4CFB65C-BB98-4B75-A7F6-0BF5317332BF}.Release|x64.Build.0 = Release|Any CPU
		{F4CFB65C-BB98-4B75-A7F6-0BF5317332BF}.Release|x86.ActiveCfg = Release|Any CPU
		{F4CFB65C-BB98-4B75-A7F6-0BF5317332BF}.Release|x86.Build.0 = Release|Any CPU
		{411CE3FE-A5B8-414B-ACA1-0DBDEF1E0CC5}.Debug|Any CPU.ActiveCfg = Debug|Any CPU
		{411CE3FE-A5B8-414B-ACA1-0DBDEF1E0CC5}.Debug|Any CPU.Build.0 = Debug|Any CPU
		{411CE3FE-A5B8-414B-ACA1-0DBDEF1E0CC5}.Debug|x64.ActiveCfg = Debug|Any CPU
		{411CE3FE-A5B8-414B-ACA1-0DBDEF1E0CC5}.Debug|x64.Build.0 = Debug|Any CPU
		{411CE3FE-A5B8-414B-ACA1-0DBDEF1E0CC5}.Debug|x86.ActiveCfg = Debug|Any CPU
		{411CE3FE-A5B8-414B-ACA1-0DBDEF1E0CC5}.Debug|x86.Build.0 = Debug|Any CPU
		{411CE3FE-A5B8-414B-ACA1-0DBDEF1E0CC5}.Release|Any CPU.ActiveCfg = Release|Any CPU
		{411CE3FE-A5B8-414B-ACA1-0DBDEF1E0CC5}.Release|Any CPU.Build.0 = Release|Any CPU
		{411CE3FE-A5B8-414B-ACA1-0DBDEF1E0CC5}.Release|x64.ActiveCfg = Release|Any CPU
		{411CE3FE-A5B8-414B-ACA1-0DBDEF1E0CC5}.Release|x64.Build.0 = Release|Any CPU
		{411CE3FE-A5B8-414B-ACA1-0DBDEF1E0CC5}.Release|x86.ActiveCfg = Release|Any CPU
		{411CE3FE-A5B8-414B-ACA1-0DBDEF1E0CC5}.Release|x86.Build.0 = Release|Any CPU
		{D95A6942-D19E-4B9B-9DE5-1E3F5B6B26A5}.Debug|Any CPU.ActiveCfg = Debug|Any CPU
		{D95A6942-D19E-4B9B-9DE5-1E3F5B6B26A5}.Debug|Any CPU.Build.0 = Debug|Any CPU
		{D95A6942-D19E-4B9B-9DE5-1E3F5B6B26A5}.Debug|x64.ActiveCfg = Debug|Any CPU
		{D95A6942-D19E-4B9B-9DE5-1E3F5B6B26A5}.Debug|x64.Build.0 = Debug|Any CPU
		{D95A6942-D19E-4B9B-9DE5-1E3F5B6B26A5}.Debug|x86.ActiveCfg = Debug|Any CPU
		{D95A6942-D19E-4B9B-9DE5-1E3F5B6B26A5}.Debug|x86.Build.0 = Debug|Any CPU
		{D95A6942-D19E-4B9B-9DE5-1E3F5B6B26A5}.Release|Any CPU.ActiveCfg = Release|Any CPU
		{D95A6942-D19E-4B9B-9DE5-1E3F5B6B26A5}.Release|Any CPU.Build.0 = Release|Any CPU
		{D95A6942-D19E-4B9B-9DE5-1E3F5B6B26A5}.Release|x64.ActiveCfg = Release|Any CPU
		{D95A6942-D19E-4B9B-9DE5-1E3F5B6B26A5}.Release|x64.Build.0 = Release|Any CPU
		{D95A6942-D19E-4B9B-9DE5-1E3F5B6B26A5}.Release|x86.ActiveCfg = Release|Any CPU
		{D95A6942-D19E-4B9B-9DE5-1E3F5B6B26A5}.Release|x86.Build.0 = Release|Any CPU
		{7BFC1B52-1650-4644-B29B-73F8C36376D9}.Debug|Any CPU.ActiveCfg = Debug|Any CPU
		{7BFC1B52-1650-4644-B29B-73F8C36376D9}.Debug|Any CPU.Build.0 = Debug|Any CPU
		{7BFC1B52-1650-4644-B29B-73F8C36376D9}.Debug|x64.ActiveCfg = Debug|Any CPU
		{7BFC1B52-1650-4644-B29B-73F8C36376D9}.Debug|x64.Build.0 = Debug|Any CPU
		{7BFC1B52-1650-4644-B29B-73F8C36376D9}.Debug|x86.ActiveCfg = Debug|Any CPU
		{7BFC1B52-1650-4644-B29B-73F8C36376D9}.Debug|x86.Build.0 = Debug|Any CPU
		{7BFC1B52-1650-4644-B29B-73F8C36376D9}.Release|Any CPU.ActiveCfg = Release|Any CPU
		{7BFC1B52-1650-4644-B29B-73F8C36376D9}.Release|Any CPU.Build.0 = Release|Any CPU
		{7BFC1B52-1650-4644-B29B-73F8C36376D9}.Release|x64.ActiveCfg = Release|Any CPU
		{7BFC1B52-1650-4644-B29B-73F8C36376D9}.Release|x64.Build.0 = Release|Any CPU
		{7BFC1B52-1650-4644-B29B-73F8C36376D9}.Release|x86.ActiveCfg = Release|Any CPU
		{7BFC1B52-1650-4644-B29B-73F8C36376D9}.Release|x86.Build.0 = Release|Any CPU
		{5CC97DB6-BB94-4E7A-8B28-D0B23D362483}.Debug|Any CPU.ActiveCfg = Debug|Any CPU
		{5CC97DB6-BB94-4E7A-8B28-D0B23D362483}.Debug|Any CPU.Build.0 = Debug|Any CPU
		{5CC97DB6-BB94-4E7A-8B28-D0B23D362483}.Debug|x64.ActiveCfg = Debug|Any CPU
		{5CC97DB6-BB94-4E7A-8B28-D0B23D362483}.Debug|x64.Build.0 = Debug|Any CPU
		{5CC97DB6-BB94-4E7A-8B28-D0B23D362483}.Debug|x86.ActiveCfg = Debug|Any CPU
		{5CC97DB6-BB94-4E7A-8B28-D0B23D362483}.Debug|x86.Build.0 = Debug|Any CPU
		{5CC97DB6-BB94-4E7A-8B28-D0B23D362483}.Release|Any CPU.ActiveCfg = Release|Any CPU
		{5CC97DB6-BB94-4E7A-8B28-D0B23D362483}.Release|Any CPU.Build.0 = Release|Any CPU
		{5CC97DB6-BB94-4E7A-8B28-D0B23D362483}.Release|x64.ActiveCfg = Release|Any CPU
		{5CC97DB6-BB94-4E7A-8B28-D0B23D362483}.Release|x64.Build.0 = Release|Any CPU
		{5CC97DB6-BB94-4E7A-8B28-D0B23D362483}.Release|x86.ActiveCfg = Release|Any CPU
		{5CC97DB6-BB94-4E7A-8B28-D0B23D362483}.Release|x86.Build.0 = Release|Any CPU
		{7EE649B7-2BE5-44D9-9A81-9717CA66B908}.Debug|Any CPU.ActiveCfg = Debug|Any CPU
		{7EE649B7-2BE5-44D9-9A81-9717CA66B908}.Debug|Any CPU.Build.0 = Debug|Any CPU
		{7EE649B7-2BE5-44D9-9A81-9717CA66B908}.Debug|x64.ActiveCfg = Debug|Any CPU
		{7EE649B7-2BE5-44D9-9A81-9717CA66B908}.Debug|x64.Build.0 = Debug|Any CPU
		{7EE649B7-2BE5-44D9-9A81-9717CA66B908}.Debug|x86.ActiveCfg = Debug|Any CPU
		{7EE649B7-2BE5-44D9-9A81-9717CA66B908}.Debug|x86.Build.0 = Debug|Any CPU
		{7EE649B7-2BE5-44D9-9A81-9717CA66B908}.Release|Any CPU.ActiveCfg = Release|Any CPU
		{7EE649B7-2BE5-44D9-9A81-9717CA66B908}.Release|Any CPU.Build.0 = Release|Any CPU
		{7EE649B7-2BE5-44D9-9A81-9717CA66B908}.Release|x64.ActiveCfg = Release|Any CPU
		{7EE649B7-2BE5-44D9-9A81-9717CA66B908}.Release|x64.Build.0 = Release|Any CPU
		{7EE649B7-2BE5-44D9-9A81-9717CA66B908}.Release|x86.ActiveCfg = Release|Any CPU
		{7EE649B7-2BE5-44D9-9A81-9717CA66B908}.Release|x86.Build.0 = Release|Any CPU
		{43896CAB-5082-4D0D-8F45-79F6FB856BCC}.Debug|Any CPU.ActiveCfg = Debug|Any CPU
		{43896CAB-5082-4D0D-8F45-79F6FB856BCC}.Debug|Any CPU.Build.0 = Debug|Any CPU
		{43896CAB-5082-4D0D-8F45-79F6FB856BCC}.Debug|x64.ActiveCfg = Debug|Any CPU
		{43896CAB-5082-4D0D-8F45-79F6FB856BCC}.Debug|x64.Build.0 = Debug|Any CPU
		{43896CAB-5082-4D0D-8F45-79F6FB856BCC}.Debug|x86.ActiveCfg = Debug|Any CPU
		{43896CAB-5082-4D0D-8F45-79F6FB856BCC}.Debug|x86.Build.0 = Debug|Any CPU
		{43896CAB-5082-4D0D-8F45-79F6FB856BCC}.Release|Any CPU.ActiveCfg = Release|Any CPU
		{43896CAB-5082-4D0D-8F45-79F6FB856BCC}.Release|Any CPU.Build.0 = Release|Any CPU
		{43896CAB-5082-4D0D-8F45-79F6FB856BCC}.Release|x64.ActiveCfg = Release|Any CPU
		{43896CAB-5082-4D0D-8F45-79F6FB856BCC}.Release|x64.Build.0 = Release|Any CPU
		{43896CAB-5082-4D0D-8F45-79F6FB856BCC}.Release|x86.ActiveCfg = Release|Any CPU
		{43896CAB-5082-4D0D-8F45-79F6FB856BCC}.Release|x86.Build.0 = Release|Any CPU
		{C01908C3-02C8-4262-8DCC-5BF14EB57E15}.Debug|Any CPU.ActiveCfg = Debug|Any CPU
		{C01908C3-02C8-4262-8DCC-5BF14EB57E15}.Debug|Any CPU.Build.0 = Debug|Any CPU
		{C01908C3-02C8-4262-8DCC-5BF14EB57E15}.Debug|x64.ActiveCfg = Debug|Any CPU
		{C01908C3-02C8-4262-8DCC-5BF14EB57E15}.Debug|x64.Build.0 = Debug|Any CPU
		{C01908C3-02C8-4262-8DCC-5BF14EB57E15}.Debug|x86.ActiveCfg = Debug|Any CPU
		{C01908C3-02C8-4262-8DCC-5BF14EB57E15}.Debug|x86.Build.0 = Debug|Any CPU
		{C01908C3-02C8-4262-8DCC-5BF14EB57E15}.Release|Any CPU.ActiveCfg = Release|Any CPU
		{C01908C3-02C8-4262-8DCC-5BF14EB57E15}.Release|Any CPU.Build.0 = Release|Any CPU
		{C01908C3-02C8-4262-8DCC-5BF14EB57E15}.Release|x64.ActiveCfg = Release|Any CPU
		{C01908C3-02C8-4262-8DCC-5BF14EB57E15}.Release|x64.Build.0 = Release|Any CPU
		{C01908C3-02C8-4262-8DCC-5BF14EB57E15}.Release|x86.ActiveCfg = Release|Any CPU
		{C01908C3-02C8-4262-8DCC-5BF14EB57E15}.Release|x86.Build.0 = Release|Any CPU
		{F890CA70-207E-4CB6-8CC9-81AA1A099FFE}.Debug|Any CPU.ActiveCfg = Debug|Any CPU
		{F890CA70-207E-4CB6-8CC9-81AA1A099FFE}.Debug|Any CPU.Build.0 = Debug|Any CPU
		{F890CA70-207E-4CB6-8CC9-81AA1A099FFE}.Debug|x64.ActiveCfg = Debug|Any CPU
		{F890CA70-207E-4CB6-8CC9-81AA1A099FFE}.Debug|x64.Build.0 = Debug|Any CPU
		{F890CA70-207E-4CB6-8CC9-81AA1A099FFE}.Debug|x86.ActiveCfg = Debug|Any CPU
		{F890CA70-207E-4CB6-8CC9-81AA1A099FFE}.Debug|x86.Build.0 = Debug|Any CPU
		{F890CA70-207E-4CB6-8CC9-81AA1A099FFE}.Release|Any CPU.ActiveCfg = Release|Any CPU
		{F890CA70-207E-4CB6-8CC9-81AA1A099FFE}.Release|Any CPU.Build.0 = Release|Any CPU
		{F890CA70-207E-4CB6-8CC9-81AA1A099FFE}.Release|x64.ActiveCfg = Release|Any CPU
		{F890CA70-207E-4CB6-8CC9-81AA1A099FFE}.Release|x64.Build.0 = Release|Any CPU
		{F890CA70-207E-4CB6-8CC9-81AA1A099FFE}.Release|x86.ActiveCfg = Release|Any CPU
		{F890CA70-207E-4CB6-8CC9-81AA1A099FFE}.Release|x86.Build.0 = Release|Any CPU
		{D9E697D6-E3F1-493B-A86D-85DAC1B11D23}.Debug|Any CPU.ActiveCfg = Debug|Any CPU
		{D9E697D6-E3F1-493B-A86D-85DAC1B11D23}.Debug|Any CPU.Build.0 = Debug|Any CPU
		{D9E697D6-E3F1-493B-A86D-85DAC1B11D23}.Debug|x64.ActiveCfg = Debug|Any CPU
		{D9E697D6-E3F1-493B-A86D-85DAC1B11D23}.Debug|x64.Build.0 = Debug|Any CPU
		{D9E697D6-E3F1-493B-A86D-85DAC1B11D23}.Debug|x86.ActiveCfg = Debug|Any CPU
		{D9E697D6-E3F1-493B-A86D-85DAC1B11D23}.Debug|x86.Build.0 = Debug|Any CPU
		{D9E697D6-E3F1-493B-A86D-85DAC1B11D23}.Release|Any CPU.ActiveCfg = Release|Any CPU
		{D9E697D6-E3F1-493B-A86D-85DAC1B11D23}.Release|Any CPU.Build.0 = Release|Any CPU
		{D9E697D6-E3F1-493B-A86D-85DAC1B11D23}.Release|x64.ActiveCfg = Release|Any CPU
		{D9E697D6-E3F1-493B-A86D-85DAC1B11D23}.Release|x64.Build.0 = Release|Any CPU
		{D9E697D6-E3F1-493B-A86D-85DAC1B11D23}.Release|x86.ActiveCfg = Release|Any CPU
		{D9E697D6-E3F1-493B-A86D-85DAC1B11D23}.Release|x86.Build.0 = Release|Any CPU
		{4FA78EC1-F5DD-431C-B710-6E5F68A85B14}.Debug|Any CPU.ActiveCfg = Debug|Any CPU
		{4FA78EC1-F5DD-431C-B710-6E5F68A85B14}.Debug|Any CPU.Build.0 = Debug|Any CPU
		{4FA78EC1-F5DD-431C-B710-6E5F68A85B14}.Debug|x64.ActiveCfg = Debug|Any CPU
		{4FA78EC1-F5DD-431C-B710-6E5F68A85B14}.Debug|x64.Build.0 = Debug|Any CPU
		{4FA78EC1-F5DD-431C-B710-6E5F68A85B14}.Debug|x86.ActiveCfg = Debug|Any CPU
		{4FA78EC1-F5DD-431C-B710-6E5F68A85B14}.Debug|x86.Build.0 = Debug|Any CPU
		{4FA78EC1-F5DD-431C-B710-6E5F68A85B14}.Release|Any CPU.ActiveCfg = Release|Any CPU
		{4FA78EC1-F5DD-431C-B710-6E5F68A85B14}.Release|Any CPU.Build.0 = Release|Any CPU
		{4FA78EC1-F5DD-431C-B710-6E5F68A85B14}.Release|x64.ActiveCfg = Release|Any CPU
		{4FA78EC1-F5DD-431C-B710-6E5F68A85B14}.Release|x64.Build.0 = Release|Any CPU
		{4FA78EC1-F5DD-431C-B710-6E5F68A85B14}.Release|x86.ActiveCfg = Release|Any CPU
		{4FA78EC1-F5DD-431C-B710-6E5F68A85B14}.Release|x86.Build.0 = Release|Any CPU
		{EC34188F-38C7-47F8-AC1F-933E2AC9C534}.Debug|Any CPU.ActiveCfg = Debug|Any CPU
		{EC34188F-38C7-47F8-AC1F-933E2AC9C534}.Debug|Any CPU.Build.0 = Debug|Any CPU
		{EC34188F-38C7-47F8-AC1F-933E2AC9C534}.Debug|x64.ActiveCfg = Debug|Any CPU
		{EC34188F-38C7-47F8-AC1F-933E2AC9C534}.Debug|x64.Build.0 = Debug|Any CPU
		{EC34188F-38C7-47F8-AC1F-933E2AC9C534}.Debug|x86.ActiveCfg = Debug|Any CPU
		{EC34188F-38C7-47F8-AC1F-933E2AC9C534}.Debug|x86.Build.0 = Debug|Any CPU
		{EC34188F-38C7-47F8-AC1F-933E2AC9C534}.Release|Any CPU.ActiveCfg = Release|Any CPU
		{EC34188F-38C7-47F8-AC1F-933E2AC9C534}.Release|Any CPU.Build.0 = Release|Any CPU
		{EC34188F-38C7-47F8-AC1F-933E2AC9C534}.Release|x64.ActiveCfg = Release|Any CPU
		{EC34188F-38C7-47F8-AC1F-933E2AC9C534}.Release|x64.Build.0 = Release|Any CPU
		{EC34188F-38C7-47F8-AC1F-933E2AC9C534}.Release|x86.ActiveCfg = Release|Any CPU
		{EC34188F-38C7-47F8-AC1F-933E2AC9C534}.Release|x86.Build.0 = Release|Any CPU
		{176D7606-38A0-4EC8-A0A2-DCD6E975FA5F}.Debug|Any CPU.ActiveCfg = Debug|Any CPU
		{176D7606-38A0-4EC8-A0A2-DCD6E975FA5F}.Debug|Any CPU.Build.0 = Debug|Any CPU
		{176D7606-38A0-4EC8-A0A2-DCD6E975FA5F}.Debug|x64.ActiveCfg = Debug|Any CPU
		{176D7606-38A0-4EC8-A0A2-DCD6E975FA5F}.Debug|x64.Build.0 = Debug|Any CPU
		{176D7606-38A0-4EC8-A0A2-DCD6E975FA5F}.Debug|x86.ActiveCfg = Debug|Any CPU
		{176D7606-38A0-4EC8-A0A2-DCD6E975FA5F}.Debug|x86.Build.0 = Debug|Any CPU
		{176D7606-38A0-4EC8-A0A2-DCD6E975FA5F}.Release|Any CPU.ActiveCfg = Release|Any CPU
		{176D7606-38A0-4EC8-A0A2-DCD6E975FA5F}.Release|Any CPU.Build.0 = Release|Any CPU
		{176D7606-38A0-4EC8-A0A2-DCD6E975FA5F}.Release|x64.ActiveCfg = Release|Any CPU
		{176D7606-38A0-4EC8-A0A2-DCD6E975FA5F}.Release|x64.Build.0 = Release|Any CPU
		{176D7606-38A0-4EC8-A0A2-DCD6E975FA5F}.Release|x86.ActiveCfg = Release|Any CPU
		{176D7606-38A0-4EC8-A0A2-DCD6E975FA5F}.Release|x86.Build.0 = Release|Any CPU
		{DC867310-D64F-4E2A-BBFF-411A44B55292}.Debug|Any CPU.ActiveCfg = Debug|Any CPU
		{DC867310-D64F-4E2A-BBFF-411A44B55292}.Debug|Any CPU.Build.0 = Debug|Any CPU
		{DC867310-D64F-4E2A-BBFF-411A44B55292}.Debug|x64.ActiveCfg = Debug|Any CPU
		{DC867310-D64F-4E2A-BBFF-411A44B55292}.Debug|x64.Build.0 = Debug|Any CPU
		{DC867310-D64F-4E2A-BBFF-411A44B55292}.Debug|x86.ActiveCfg = Debug|Any CPU
		{DC867310-D64F-4E2A-BBFF-411A44B55292}.Debug|x86.Build.0 = Debug|Any CPU
		{DC867310-D64F-4E2A-BBFF-411A44B55292}.Release|Any CPU.ActiveCfg = Release|Any CPU
		{DC867310-D64F-4E2A-BBFF-411A44B55292}.Release|Any CPU.Build.0 = Release|Any CPU
		{DC867310-D64F-4E2A-BBFF-411A44B55292}.Release|x64.ActiveCfg = Release|Any CPU
		{DC867310-D64F-4E2A-BBFF-411A44B55292}.Release|x64.Build.0 = Release|Any CPU
		{DC867310-D64F-4E2A-BBFF-411A44B55292}.Release|x86.ActiveCfg = Release|Any CPU
		{DC867310-D64F-4E2A-BBFF-411A44B55292}.Release|x86.Build.0 = Release|Any CPU
		{85A65DF6-09C7-41B8-8DD2-0A2AFECF956D}.Debug|Any CPU.ActiveCfg = Debug|Any CPU
		{85A65DF6-09C7-41B8-8DD2-0A2AFECF956D}.Debug|Any CPU.Build.0 = Debug|Any CPU
		{85A65DF6-09C7-41B8-8DD2-0A2AFECF956D}.Debug|x64.ActiveCfg = Debug|Any CPU
		{85A65DF6-09C7-41B8-8DD2-0A2AFECF956D}.Debug|x64.Build.0 = Debug|Any CPU
		{85A65DF6-09C7-41B8-8DD2-0A2AFECF956D}.Debug|x86.ActiveCfg = Debug|Any CPU
		{85A65DF6-09C7-41B8-8DD2-0A2AFECF956D}.Debug|x86.Build.0 = Debug|Any CPU
		{85A65DF6-09C7-41B8-8DD2-0A2AFECF956D}.Release|Any CPU.ActiveCfg = Release|Any CPU
		{85A65DF6-09C7-41B8-8DD2-0A2AFECF956D}.Release|Any CPU.Build.0 = Release|Any CPU
		{85A65DF6-09C7-41B8-8DD2-0A2AFECF956D}.Release|x64.ActiveCfg = Release|Any CPU
		{85A65DF6-09C7-41B8-8DD2-0A2AFECF956D}.Release|x64.Build.0 = Release|Any CPU
		{85A65DF6-09C7-41B8-8DD2-0A2AFECF956D}.Release|x86.ActiveCfg = Release|Any CPU
		{85A65DF6-09C7-41B8-8DD2-0A2AFECF956D}.Release|x86.Build.0 = Release|Any CPU
		{ACD7A8B0-99C2-4070-B3A6-516AE632E3C0}.Debug|Any CPU.ActiveCfg = Debug|Any CPU
		{ACD7A8B0-99C2-4070-B3A6-516AE632E3C0}.Debug|Any CPU.Build.0 = Debug|Any CPU
		{ACD7A8B0-99C2-4070-B3A6-516AE632E3C0}.Debug|x64.ActiveCfg = Debug|Any CPU
		{ACD7A8B0-99C2-4070-B3A6-516AE632E3C0}.Debug|x64.Build.0 = Debug|Any CPU
		{ACD7A8B0-99C2-4070-B3A6-516AE632E3C0}.Debug|x86.ActiveCfg = Debug|Any CPU
		{ACD7A8B0-99C2-4070-B3A6-516AE632E3C0}.Debug|x86.Build.0 = Debug|Any CPU
		{ACD7A8B0-99C2-4070-B3A6-516AE632E3C0}.Release|Any CPU.ActiveCfg = Release|Any CPU
		{ACD7A8B0-99C2-4070-B3A6-516AE632E3C0}.Release|Any CPU.Build.0 = Release|Any CPU
		{ACD7A8B0-99C2-4070-B3A6-516AE632E3C0}.Release|x64.ActiveCfg = Release|Any CPU
		{ACD7A8B0-99C2-4070-B3A6-516AE632E3C0}.Release|x64.Build.0 = Release|Any CPU
		{ACD7A8B0-99C2-4070-B3A6-516AE632E3C0}.Release|x86.ActiveCfg = Release|Any CPU
		{ACD7A8B0-99C2-4070-B3A6-516AE632E3C0}.Release|x86.Build.0 = Release|Any CPU
		{58540CA8-3660-4A4E-9946-C6EA9C39A772}.Debug|Any CPU.ActiveCfg = Debug|Any CPU
		{58540CA8-3660-4A4E-9946-C6EA9C39A772}.Debug|Any CPU.Build.0 = Debug|Any CPU
		{58540CA8-3660-4A4E-9946-C6EA9C39A772}.Debug|x64.ActiveCfg = Debug|Any CPU
		{58540CA8-3660-4A4E-9946-C6EA9C39A772}.Debug|x64.Build.0 = Debug|Any CPU
		{58540CA8-3660-4A4E-9946-C6EA9C39A772}.Debug|x86.ActiveCfg = Debug|Any CPU
		{58540CA8-3660-4A4E-9946-C6EA9C39A772}.Debug|x86.Build.0 = Debug|Any CPU
		{58540CA8-3660-4A4E-9946-C6EA9C39A772}.Release|Any CPU.ActiveCfg = Release|Any CPU
		{58540CA8-3660-4A4E-9946-C6EA9C39A772}.Release|Any CPU.Build.0 = Release|Any CPU
		{58540CA8-3660-4A4E-9946-C6EA9C39A772}.Release|x64.ActiveCfg = Release|Any CPU
		{58540CA8-3660-4A4E-9946-C6EA9C39A772}.Release|x64.Build.0 = Release|Any CPU
		{58540CA8-3660-4A4E-9946-C6EA9C39A772}.Release|x86.ActiveCfg = Release|Any CPU
		{58540CA8-3660-4A4E-9946-C6EA9C39A772}.Release|x86.Build.0 = Release|Any CPU
		{256C34E9-B5DB-4C9F-A3AB-4F00EAF4D0C8}.Debug|Any CPU.ActiveCfg = Debug|Any CPU
		{256C34E9-B5DB-4C9F-A3AB-4F00EAF4D0C8}.Debug|Any CPU.Build.0 = Debug|Any CPU
		{256C34E9-B5DB-4C9F-A3AB-4F00EAF4D0C8}.Debug|x64.ActiveCfg = Debug|Any CPU
		{256C34E9-B5DB-4C9F-A3AB-4F00EAF4D0C8}.Debug|x64.Build.0 = Debug|Any CPU
		{256C34E9-B5DB-4C9F-A3AB-4F00EAF4D0C8}.Debug|x86.ActiveCfg = Debug|Any CPU
		{256C34E9-B5DB-4C9F-A3AB-4F00EAF4D0C8}.Debug|x86.Build.0 = Debug|Any CPU
		{256C34E9-B5DB-4C9F-A3AB-4F00EAF4D0C8}.Release|Any CPU.ActiveCfg = Release|Any CPU
		{256C34E9-B5DB-4C9F-A3AB-4F00EAF4D0C8}.Release|Any CPU.Build.0 = Release|Any CPU
		{256C34E9-B5DB-4C9F-A3AB-4F00EAF4D0C8}.Release|x64.ActiveCfg = Release|Any CPU
		{256C34E9-B5DB-4C9F-A3AB-4F00EAF4D0C8}.Release|x64.Build.0 = Release|Any CPU
		{256C34E9-B5DB-4C9F-A3AB-4F00EAF4D0C8}.Release|x86.ActiveCfg = Release|Any CPU
		{256C34E9-B5DB-4C9F-A3AB-4F00EAF4D0C8}.Release|x86.Build.0 = Release|Any CPU
		{11A30FFF-3D81-4BBB-9254-CFACBCD06FB6}.Debug|Any CPU.ActiveCfg = Debug|Any CPU
		{11A30FFF-3D81-4BBB-9254-CFACBCD06FB6}.Debug|Any CPU.Build.0 = Debug|Any CPU
		{11A30FFF-3D81-4BBB-9254-CFACBCD06FB6}.Debug|x64.ActiveCfg = Debug|Any CPU
		{11A30FFF-3D81-4BBB-9254-CFACBCD06FB6}.Debug|x64.Build.0 = Debug|Any CPU
		{11A30FFF-3D81-4BBB-9254-CFACBCD06FB6}.Debug|x86.ActiveCfg = Debug|Any CPU
		{11A30FFF-3D81-4BBB-9254-CFACBCD06FB6}.Debug|x86.Build.0 = Debug|Any CPU
		{11A30FFF-3D81-4BBB-9254-CFACBCD06FB6}.Release|Any CPU.ActiveCfg = Release|Any CPU
		{11A30FFF-3D81-4BBB-9254-CFACBCD06FB6}.Release|Any CPU.Build.0 = Release|Any CPU
		{11A30FFF-3D81-4BBB-9254-CFACBCD06FB6}.Release|x64.ActiveCfg = Release|Any CPU
		{11A30FFF-3D81-4BBB-9254-CFACBCD06FB6}.Release|x64.Build.0 = Release|Any CPU
		{11A30FFF-3D81-4BBB-9254-CFACBCD06FB6}.Release|x86.ActiveCfg = Release|Any CPU
		{11A30FFF-3D81-4BBB-9254-CFACBCD06FB6}.Release|x86.Build.0 = Release|Any CPU
		{C1FA0318-BB87-40EE-96F7-469EC1050ECB}.Debug|Any CPU.ActiveCfg = Debug|Any CPU
		{C1FA0318-BB87-40EE-96F7-469EC1050ECB}.Debug|Any CPU.Build.0 = Debug|Any CPU
		{C1FA0318-BB87-40EE-96F7-469EC1050ECB}.Debug|x64.ActiveCfg = Debug|Any CPU
		{C1FA0318-BB87-40EE-96F7-469EC1050ECB}.Debug|x64.Build.0 = Debug|Any CPU
		{C1FA0318-BB87-40EE-96F7-469EC1050ECB}.Debug|x86.ActiveCfg = Debug|Any CPU
		{C1FA0318-BB87-40EE-96F7-469EC1050ECB}.Debug|x86.Build.0 = Debug|Any CPU
		{C1FA0318-BB87-40EE-96F7-469EC1050ECB}.Release|Any CPU.ActiveCfg = Release|Any CPU
		{C1FA0318-BB87-40EE-96F7-469EC1050ECB}.Release|Any CPU.Build.0 = Release|Any CPU
		{C1FA0318-BB87-40EE-96F7-469EC1050ECB}.Release|x64.ActiveCfg = Release|Any CPU
		{C1FA0318-BB87-40EE-96F7-469EC1050ECB}.Release|x64.Build.0 = Release|Any CPU
		{C1FA0318-BB87-40EE-96F7-469EC1050ECB}.Release|x86.ActiveCfg = Release|Any CPU
		{C1FA0318-BB87-40EE-96F7-469EC1050ECB}.Release|x86.Build.0 = Release|Any CPU
		{E2CCB686-74D9-4517-A789-BF584D2CE180}.Debug|Any CPU.ActiveCfg = Debug|Any CPU
		{E2CCB686-74D9-4517-A789-BF584D2CE180}.Debug|Any CPU.Build.0 = Debug|Any CPU
		{E2CCB686-74D9-4517-A789-BF584D2CE180}.Debug|x64.ActiveCfg = Debug|Any CPU
		{E2CCB686-74D9-4517-A789-BF584D2CE180}.Debug|x64.Build.0 = Debug|Any CPU
		{E2CCB686-74D9-4517-A789-BF584D2CE180}.Debug|x86.ActiveCfg = Debug|Any CPU
		{E2CCB686-74D9-4517-A789-BF584D2CE180}.Debug|x86.Build.0 = Debug|Any CPU
		{E2CCB686-74D9-4517-A789-BF584D2CE180}.Release|Any CPU.ActiveCfg = Release|Any CPU
		{E2CCB686-74D9-4517-A789-BF584D2CE180}.Release|Any CPU.Build.0 = Release|Any CPU
		{E2CCB686-74D9-4517-A789-BF584D2CE180}.Release|x64.ActiveCfg = Release|Any CPU
		{E2CCB686-74D9-4517-A789-BF584D2CE180}.Release|x64.Build.0 = Release|Any CPU
		{E2CCB686-74D9-4517-A789-BF584D2CE180}.Release|x86.ActiveCfg = Release|Any CPU
		{E2CCB686-74D9-4517-A789-BF584D2CE180}.Release|x86.Build.0 = Release|Any CPU
		{8E9EB58C-7436-49A3-8910-D9248CA8E7FC}.Debug|Any CPU.ActiveCfg = Debug|Any CPU
		{8E9EB58C-7436-49A3-8910-D9248CA8E7FC}.Debug|Any CPU.Build.0 = Debug|Any CPU
		{8E9EB58C-7436-49A3-8910-D9248CA8E7FC}.Debug|x64.ActiveCfg = Debug|Any CPU
		{8E9EB58C-7436-49A3-8910-D9248CA8E7FC}.Debug|x64.Build.0 = Debug|Any CPU
		{8E9EB58C-7436-49A3-8910-D9248CA8E7FC}.Debug|x86.ActiveCfg = Debug|Any CPU
		{8E9EB58C-7436-49A3-8910-D9248CA8E7FC}.Debug|x86.Build.0 = Debug|Any CPU
		{8E9EB58C-7436-49A3-8910-D9248CA8E7FC}.Release|Any CPU.ActiveCfg = Release|Any CPU
		{8E9EB58C-7436-49A3-8910-D9248CA8E7FC}.Release|Any CPU.Build.0 = Release|Any CPU
		{8E9EB58C-7436-49A3-8910-D9248CA8E7FC}.Release|x64.ActiveCfg = Release|Any CPU
		{8E9EB58C-7436-49A3-8910-D9248CA8E7FC}.Release|x64.Build.0 = Release|Any CPU
		{8E9EB58C-7436-49A3-8910-D9248CA8E7FC}.Release|x86.ActiveCfg = Release|Any CPU
		{8E9EB58C-7436-49A3-8910-D9248CA8E7FC}.Release|x86.Build.0 = Release|Any CPU
	EndGlobalSection
	GlobalSection(SolutionProperties) = preSolution
		HideSolutionNode = FALSE
	EndGlobalSection
	GlobalSection(NestedProjects) = preSolution
		{8D626EA8-CB54-BC41-363A-217881BEBA6E} = {827E0CD3-B72D-47B6-A68D-7590B98EB39B}
		{F4CFB65C-BB98-4B75-A7F6-0BF5317332BF} = {8D626EA8-CB54-BC41-363A-217881BEBA6E}
		{411CE3FE-A5B8-414B-ACA1-0DBDEF1E0CC5} = {8D626EA8-CB54-BC41-363A-217881BEBA6E}
		{D95A6942-D19E-4B9B-9DE5-1E3F5B6B26A5} = {8D626EA8-CB54-BC41-363A-217881BEBA6E}
		{7BFC1B52-1650-4644-B29B-73F8C36376D9} = {8D626EA8-CB54-BC41-363A-217881BEBA6E}
		{5CC97DB6-BB94-4E7A-8B28-D0B23D362483} = {8D626EA8-CB54-BC41-363A-217881BEBA6E}
		{7EE649B7-2BE5-44D9-9A81-9717CA66B908} = {8D626EA8-CB54-BC41-363A-217881BEBA6E}
		{9048EB7F-3875-A59E-E36B-5BD4C6F2A282} = {827E0CD3-B72D-47B6-A68D-7590B98EB39B}
		{43896CAB-5082-4D0D-8F45-79F6FB856BCC} = {9048EB7F-3875-A59E-E36B-5BD4C6F2A282}
		{C01908C3-02C8-4262-8DCC-5BF14EB57E15} = {9048EB7F-3875-A59E-E36B-5BD4C6F2A282}
		{F890CA70-207E-4CB6-8CC9-81AA1A099FFE} = {9048EB7F-3875-A59E-E36B-5BD4C6F2A282}
		{D9E697D6-E3F1-493B-A86D-85DAC1B11D23} = {9048EB7F-3875-A59E-E36B-5BD4C6F2A282}
		{4FA78EC1-F5DD-431C-B710-6E5F68A85B14} = {9048EB7F-3875-A59E-E36B-5BD4C6F2A282}
		{EC34188F-38C7-47F8-AC1F-933E2AC9C534} = {9048EB7F-3875-A59E-E36B-5BD4C6F2A282}
		{176D7606-38A0-4EC8-A0A2-DCD6E975FA5F} = {9048EB7F-3875-A59E-E36B-5BD4C6F2A282}
		{984BB9B3-3FA3-BE33-9484-CAC21695A33C} = {827E0CD3-B72D-47B6-A68D-7590B98EB39B}
		{DC867310-D64F-4E2A-BBFF-411A44B55292} = {984BB9B3-3FA3-BE33-9484-CAC21695A33C}
		{85A65DF6-09C7-41B8-8DD2-0A2AFECF956D} = {984BB9B3-3FA3-BE33-9484-CAC21695A33C}
		{ACD7A8B0-99C2-4070-B3A6-516AE632E3C0} = {984BB9B3-3FA3-BE33-9484-CAC21695A33C}
		{953D89DF-FDD2-4C1A-6A43-6326114B13B5} = {827E0CD3-B72D-47B6-A68D-7590B98EB39B}
		{58540CA8-3660-4A4E-9946-C6EA9C39A772} = {953D89DF-FDD2-4C1A-6A43-6326114B13B5}
		{256C34E9-B5DB-4C9F-A3AB-4F00EAF4D0C8} = {90DCE71B-4939-B80A-CE8C-85DE2210C7AC}
		{11A30FFF-3D81-4BBB-9254-CFACBCD06FB6} = {90DCE71B-4939-B80A-CE8C-85DE2210C7AC}
		{C1FA0318-BB87-40EE-96F7-469EC1050ECB} = {0AB3BF05-4346-4AA6-1389-037BE0695223}
		{E2CCB686-74D9-4517-A789-BF584D2CE180} = {0AB3BF05-4346-4AA6-1389-037BE0695223}
		{8E9EB58C-7436-49A3-8910-D9248CA8E7FC} = {0AB3BF05-4346-4AA6-1389-037BE0695223}
	EndGlobalSection
EndGlobal
